
Microsoft Visual Studio Solution File, Format Version 12.00
# Visual Studio Version 17
VisualStudioVersion = 17.5.33530.505
MinimumVisualStudioVersion = 10.0.40219.1
Project("{FAE04EC0-301F-11D3-BF4B-00C04F79EFBC}") = "HM2", "HM2.csproj", "{ED52AF9B-9AB5-4EF6-9936-04A589FEA0EE}"
EndProject
Project("{FAE04EC0-301F-11D3-BF4B-00C04F79EFBC}") = "DAL", "DAL\DAL.csproj", "{DF2972FB-9A44-4BA1-A4D1-E02C62001078}"
EndProject
Project("{9A19103F-16F7-4668-BE54-9A1E7A4F7556}") = "BookingRoomsModelTests", "Tests\BookingRoomsModelTests.csproj", "{641F23D2-D6A7-48C0-B46C-1C479BE17C2C}"
EndProject
Global
	GlobalSection(SolutionConfigurationPlatforms) = preSolution
		Debug|Any CPU = Debug|Any CPU
		Release|Any CPU = Release|Any CPU
	EndGlobalSection
	GlobalSection(ProjectConfigurationPlatforms) = postSolution
		{ED52AF9B-9AB5-4EF6-9936-04A589FEA0EE}.Debug|Any CPU.ActiveCfg = Debug|Any CPU
		{ED52AF9B-9AB5-4EF6-9936-04A589FEA0EE}.Debug|Any CPU.Build.0 = Debug|Any CPU
		{ED52AF9B-9AB5-4EF6-9936-04A589FEA0EE}.Release|Any CPU.ActiveCfg = Release|Any CPU
		{ED52AF9B-9AB5-4EF6-9936-04A589FEA0EE}.Release|Any CPU.Build.0 = Release|Any CPU
		{DF2972FB-9A44-4BA1-A4D1-E02C62001078}.Debug|Any CPU.ActiveCfg = Debug|Any CPU
		{DF2972FB-9A44-4BA1-A4D1-E02C62001078}.Debug|Any CPU.Build.0 = Debug|Any CPU
		{DF2972FB-9A44-4BA1-A4D1-E02C62001078}.Release|Any CPU.ActiveCfg = Release|Any CPU
		{DF2972FB-9A44-4BA1-A4D1-E02C62001078}.Release|Any CPU.Build.0 = Release|Any CPU
		{641F23D2-D6A7-48C0-B46C-1C479BE17C2C}.Debug|Any CPU.ActiveCfg = Debug|Any CPU
		{641F23D2-D6A7-48C0-B46C-1C479BE17C2C}.Debug|Any CPU.Build.0 = Debug|Any CPU
		{641F23D2-D6A7-48C0-B46C-1C479BE17C2C}.Release|Any CPU.ActiveCfg = Release|Any CPU
		{641F23D2-D6A7-48C0-B46C-1C479BE17C2C}.Release|Any CPU.Build.0 = Release|Any CPU
	EndGlobalSection
	GlobalSection(SolutionProperties) = preSolution
		HideSolutionNode = FALSE
	EndGlobalSection
	GlobalSection(ExtensibilityGlobals) = postSolution
		SolutionGuid = {A68F7111-6A91-46D6-93C6-2C58A0D8E795}
	EndGlobalSection
EndGlobal
